
Microsoft Visual Studio Solution File, Format Version 12.00
# Visual Studio Version 17
VisualStudioVersion = 17.7.34031.279
MinimumVisualStudioVersion = 10.0.40219.1
Project("{FAE04EC0-301F-11D3-BF4B-00C04F79EFBC}") = "FatorePrimos", "FatorePrimos.csproj", "{1661E5BF-501C-4555-9B27-8D73047B220F}"
EndProject
Global
	GlobalSection(SolutionConfigurationPlatforms) = preSolution
		Debug|Any CPU = Debug|Any CPU
		Release|Any CPU = Release|Any CPU
	EndGlobalSection
	GlobalSection(ProjectConfigurationPlatforms) = postSolution
		{1661E5BF-501C-4555-9B27-8D73047B220F}.Debug|Any CPU.ActiveCfg = Debug|Any CPU
		{1661E5BF-501C-4555-9B27-8D73047B220F}.Debug|Any CPU.Build.0 = Debug|Any CPU
		{1661E5BF-501C-4555-9B27-8D73047B220F}.Release|Any CPU.ActiveCfg = Release|Any CPU
		{1661E5BF-501C-4555-9B27-8D73047B220F}.Release|Any CPU.Build.0 = Release|Any CPU
	EndGlobalSection
	GlobalSection(SolutionProperties) = preSolution
		HideSolutionNode = FALSE
	EndGlobalSection
	GlobalSection(ExtensibilityGlobals) = postSolution
		SolutionGuid = {C1BA5C09-9839-44C6-8057-46DB61FB1D91}
	EndGlobalSection
EndGlobal
